// !$*UTF8*$!
{
	archiveVersion = 1;
	classes = {
	};
	objectVersion = 46;
	objects = {

/* Begin PBXBuildFile section */
		46079BDF1C81248200382CF2 /* AppDelegate.swift in Sources */ = {isa = PBXBuildFile; fileRef = 46079BDE1C81248200382CF2 /* AppDelegate.swift */; };
		46079BE11C81248200382CF2 /* ViewController.swift in Sources */ = {isa = PBXBuildFile; fileRef = 46079BE01C81248200382CF2 /* ViewController.swift */; };
		46079BE41C81248200382CF2 /* Main.storyboard in Resources */ = {isa = PBXBuildFile; fileRef = 46079BE21C81248200382CF2 /* Main.storyboard */; };
		46079BE71C81248200382CF2 /* questions.xcdatamodeld in Sources */ = {isa = PBXBuildFile; fileRef = 46079BE51C81248200382CF2 /* questions.xcdatamodeld */; };
		46079BE91C81248200382CF2 /* Assets.xcassets in Resources */ = {isa = PBXBuildFile; fileRef = 46079BE81C81248200382CF2 /* Assets.xcassets */; };
		46079BEC1C81248200382CF2 /* LaunchScreen.storyboard in Resources */ = {isa = PBXBuildFile; fileRef = 46079BEA1C81248200382CF2 /* LaunchScreen.storyboard */; };
		46079BF71C81248200382CF2 /* questionsTests.swift in Sources */ = {isa = PBXBuildFile; fileRef = 46079BF61C81248200382CF2 /* questionsTests.swift */; };
		46079C021C81248200382CF2 /* questionsUITests.swift in Sources */ = {isa = PBXBuildFile; fileRef = 46079C011C81248200382CF2 /* questionsUITests.swift */; };
		46079C141C8124DD00382CF2 /* DataController.swift in Sources */ = {isa = PBXBuildFile; fileRef = 46079C131C8124DD00382CF2 /* DataController.swift */; };
		46079C161C81252000382CF2 /* LevelViewController.swift in Sources */ = {isa = PBXBuildFile; fileRef = 46079C151C81252000382CF2 /* LevelViewController.swift */; };
		46079C191C85066A00382CF2 /* AAALevelMO+CoreDataProperties.swift in Sources */ = {isa = PBXBuildFile; fileRef = 46079C171C85066A00382CF2 /* AAALevelMO+CoreDataProperties.swift */; };
		46079C1A1C85066A00382CF2 /* AAALevelMO.swift in Sources */ = {isa = PBXBuildFile; fileRef = 46079C181C85066A00382CF2 /* AAALevelMO.swift */; };
		46079C1E1C85164800382CF2 /* tick.png in Resources */ = {isa = PBXBuildFile; fileRef = 46079C1D1C85164800382CF2 /* tick.png */; };
/* End PBXBuildFile section */

/* Begin PBXContainerItemProxy section */
		46079BF31C81248200382CF2 /* PBXContainerItemProxy */ = {
			isa = PBXContainerItemProxy;
			containerPortal = 46079BD31C81248200382CF2 /* Project object */;
			proxyType = 1;
			remoteGlobalIDString = 46079BDA1C81248200382CF2;
			remoteInfo = questions;
		};
		46079BFE1C81248200382CF2 /* PBXContainerItemProxy */ = {
			isa = PBXContainerItemProxy;
			containerPortal = 46079BD31C81248200382CF2 /* Project object */;
			proxyType = 1;
			remoteGlobalIDString = 46079BDA1C81248200382CF2;
			remoteInfo = questions;
		};
/* End PBXContainerItemProxy section */

/* Begin PBXFileReference section */
		46079BDB1C81248200382CF2 /* questions.app */ = {isa = PBXFileReference; explicitFileType = wrapper.application; includeInIndex = 0; path = questions.app; sourceTree = BUILT_PRODUCTS_DIR; };
		46079BDE1C81248200382CF2 /* AppDelegate.swift */ = {isa = PBXFileReference; lastKnownFileType = sourcecode.swift; path = AppDelegate.swift; sourceTree = "<group>"; };
		46079BE01C81248200382CF2 /* ViewController.swift */ = {isa = PBXFileReference; lastKnownFileType = sourcecode.swift; path = ViewController.swift; sourceTree = "<group>"; };
		46079BE31C81248200382CF2 /* Base */ = {isa = PBXFileReference; lastKnownFileType = file.storyboard; name = Base; path = Base.lproj/Main.storyboard; sourceTree = "<group>"; };
		46079BE61C81248200382CF2 /* questions.xcdatamodel */ = {isa = PBXFileReference; lastKnownFileType = wrapper.xcdatamodel; path = questions.xcdatamodel; sourceTree = "<group>"; };
		46079BE81C81248200382CF2 /* Assets.xcassets */ = {isa = PBXFileReference; lastKnownFileType = folder.assetcatalog; path = Assets.xcassets; sourceTree = "<group>"; };
		46079BEB1C81248200382CF2 /* Base */ = {isa = PBXFileReference; lastKnownFileType = file.storyboard; name = Base; path = Base.lproj/LaunchScreen.storyboard; sourceTree = "<group>"; };
		46079BED1C81248200382CF2 /* Info.plist */ = {isa = PBXFileReference; lastKnownFileType = text.plist.xml; path = Info.plist; sourceTree = "<group>"; };
		46079BF21C81248200382CF2 /* questionsTests.xctest */ = {isa = PBXFileReference; explicitFileType = wrapper.cfbundle; includeInIndex = 0; path = questionsTests.xctest; sourceTree = BUILT_PRODUCTS_DIR; };
		46079BF61C81248200382CF2 /* questionsTests.swift */ = {isa = PBXFileReference; lastKnownFileType = sourcecode.swift; path = questionsTests.swift; sourceTree = "<group>"; };
		46079BF81C81248200382CF2 /* Info.plist */ = {isa = PBXFileReference; lastKnownFileType = text.plist.xml; path = Info.plist; sourceTree = "<group>"; };
		46079BFD1C81248200382CF2 /* questionsUITests.xctest */ = {isa = PBXFileReference; explicitFileType = wrapper.cfbundle; includeInIndex = 0; path = questionsUITests.xctest; sourceTree = BUILT_PRODUCTS_DIR; };
		46079C011C81248200382CF2 /* questionsUITests.swift */ = {isa = PBXFileReference; lastKnownFileType = sourcecode.swift; path = questionsUITests.swift; sourceTree = "<group>"; };
		46079C031C81248200382CF2 /* Info.plist */ = {isa = PBXFileReference; lastKnownFileType = text.plist.xml; path = Info.plist; sourceTree = "<group>"; };
		46079C131C8124DD00382CF2 /* DataController.swift */ = {isa = PBXFileReference; fileEncoding = 4; lastKnownFileType = sourcecode.swift; path = DataController.swift; sourceTree = "<group>"; };
		46079C151C81252000382CF2 /* LevelViewController.swift */ = {isa = PBXFileReference; fileEncoding = 4; lastKnownFileType = sourcecode.swift; path = LevelViewController.swift; sourceTree = "<group>"; };
		46079C171C85066A00382CF2 /* AAALevelMO+CoreDataProperties.swift */ = {isa = PBXFileReference; fileEncoding = 4; lastKnownFileType = sourcecode.swift; path = "AAALevelMO+CoreDataProperties.swift"; sourceTree = "<group>"; };
		46079C181C85066A00382CF2 /* AAALevelMO.swift */ = {isa = PBXFileReference; fileEncoding = 4; lastKnownFileType = sourcecode.swift; path = AAALevelMO.swift; sourceTree = "<group>"; };
		46079C1D1C85164800382CF2 /* tick.png */ = {isa = PBXFileReference; lastKnownFileType = image.png; name = tick.png; path = ../../../../Documents/tick.png; sourceTree = "<group>"; };
/* End PBXFileReference section */

/* Begin PBXFrameworksBuildPhase section */
		46079BD81C81248200382CF2 /* Frameworks */ = {
			isa = PBXFrameworksBuildPhase;
			buildActionMask = 2147483647;
			files = (
			);
			runOnlyForDeploymentPostprocessing = 0;
		};
		46079BEF1C81248200382CF2 /* Frameworks */ = {
			isa = PBXFrameworksBuildPhase;
			buildActionMask = 2147483647;
			files = (
			);
			runOnlyForDeploymentPostprocessing = 0;
		};
		46079BFA1C81248200382CF2 /* Frameworks */ = {
			isa = PBXFrameworksBuildPhase;
			buildActionMask = 2147483647;
			files = (
			);
			runOnlyForDeploymentPostprocessing = 0;
		};
/* End PBXFrameworksBuildPhase section */

/* Begin PBXGroup section */
		46079BD21C81248200382CF2 = {
			isa = PBXGroup;
			children = (
				46079C1D1C85164800382CF2 /* tick.png */,
				46079C171C85066A00382CF2 /* AAALevelMO+CoreDataProperties.swift */,
				46079C181C85066A00382CF2 /* AAALevelMO.swift */,
				46079BDD1C81248200382CF2 /* questions */,
				46079BF51C81248200382CF2 /* questionsTests */,
				46079C001C81248200382CF2 /* questionsUITests */,
				46079BDC1C81248200382CF2 /* Products */,
			);
			sourceTree = "<group>";
		};
		46079BDC1C81248200382CF2 /* Products */ = {
			isa = PBXGroup;
			children = (
				46079BDB1C81248200382CF2 /* questions.app */,
				46079BF21C81248200382CF2 /* questionsTests.xctest */,
				46079BFD1C81248200382CF2 /* questionsUITests.xctest */,
			);
			name = Products;
			sourceTree = "<group>";
		};
		46079BDD1C81248200382CF2 /* questions */ = {
			isa = PBXGroup;
			children = (
				46079BDE1C81248200382CF2 /* AppDelegate.swift */,
				46079BE01C81248200382CF2 /* ViewController.swift */,
				46079C151C81252000382CF2 /* LevelViewController.swift */,
				46079C131C8124DD00382CF2 /* DataController.swift */,
				46079BE21C81248200382CF2 /* Main.storyboard */,
				46079BE81C81248200382CF2 /* Assets.xcassets */,
				46079BEA1C81248200382CF2 /* LaunchScreen.storyboard */,
				46079BED1C81248200382CF2 /* Info.plist */,
				46079BE51C81248200382CF2 /* questions.xcdatamodeld */,
			);
			path = questions;
			sourceTree = "<group>";
		};
		46079BF51C81248200382CF2 /* questionsTests */ = {
			isa = PBXGroup;
			children = (
				46079BF61C81248200382CF2 /* questionsTests.swift */,
				46079BF81C81248200382CF2 /* Info.plist */,
			);
			path = questionsTests;
			sourceTree = "<group>";
		};
		46079C001C81248200382CF2 /* questionsUITests */ = {
			isa = PBXGroup;
			children = (
				46079C011C81248200382CF2 /* questionsUITests.swift */,
				46079C031C81248200382CF2 /* Info.plist */,
			);
			path = questionsUITests;
			sourceTree = "<group>";
		};
/* End PBXGroup section */

/* Begin PBXNativeTarget section */
		46079BDA1C81248200382CF2 /* questions */ = {
			isa = PBXNativeTarget;
			buildConfigurationList = 46079C061C81248200382CF2 /* Build configuration list for PBXNativeTarget "questions" */;
			buildPhases = (
				46079BD71C81248200382CF2 /* Sources */,
				46079BD81C81248200382CF2 /* Frameworks */,
				46079BD91C81248200382CF2 /* Resources */,
			);
			buildRules = (
			);
			dependencies = (
			);
			name = questions;
			productName = questions;
			productReference = 46079BDB1C81248200382CF2 /* questions.app */;
			productType = "com.apple.product-type.application";
		};
		46079BF11C81248200382CF2 /* questionsTests */ = {
			isa = PBXNativeTarget;
			buildConfigurationList = 46079C091C81248200382CF2 /* Build configuration list for PBXNativeTarget "questionsTests" */;
			buildPhases = (
				46079BEE1C81248200382CF2 /* Sources */,
				46079BEF1C81248200382CF2 /* Frameworks */,
				46079BF01C81248200382CF2 /* Resources */,
			);
			buildRules = (
			);
			dependencies = (
				46079BF41C81248200382CF2 /* PBXTargetDependency */,
			);
			name = questionsTests;
			productName = questionsTests;
			productReference = 46079BF21C81248200382CF2 /* questionsTests.xctest */;
			productType = "com.apple.product-type.bundle.unit-test";
		};
		46079BFC1C81248200382CF2 /* questionsUITests */ = {
			isa = PBXNativeTarget;
			buildConfigurationList = 46079C0C1C81248200382CF2 /* Build configuration list for PBXNativeTarget "questionsUITests" */;
			buildPhases = (
				46079BF91C81248200382CF2 /* Sources */,
				46079BFA1C81248200382CF2 /* Frameworks */,
				46079BFB1C81248200382CF2 /* Resources */,
			);
			buildRules = (
			);
			dependencies = (
				46079BFF1C81248200382CF2 /* PBXTargetDependency */,
			);
			name = questionsUITests;
			productName = questionsUITests;
			productReference = 46079BFD1C81248200382CF2 /* questionsUITests.xctest */;
			productType = "com.apple.product-type.bundle.ui-testing";
		};
/* End PBXNativeTarget section */

/* Begin PBXProject section */
		46079BD31C81248200382CF2 /* Project object */ = {
			isa = PBXProject;
			attributes = {
				LastSwiftUpdateCheck = 0720;
				LastUpgradeCheck = 0720;
				ORGANIZATIONNAME = "José María Delgado ";
				TargetAttributes = {
					46079BDA1C81248200382CF2 = {
						CreatedOnToolsVersion = 7.2.1;
						DevelopmentTeam = 4V69PP9G2M;
					};
					46079BF11C81248200382CF2 = {
						CreatedOnToolsVersion = 7.2.1;
						TestTargetID = 46079BDA1C81248200382CF2;
					};
					46079BFC1C81248200382CF2 = {
						CreatedOnToolsVersion = 7.2.1;
						TestTargetID = 46079BDA1C81248200382CF2;
					};
				};
			};
			buildConfigurationList = 46079BD61C81248200382CF2 /* Build configuration list for PBXProject "questions" */;
			compatibilityVersion = "Xcode 3.2";
			developmentRegion = English;
			hasScannedForEncodings = 0;
			knownRegions = (
				en,
				Base,
			);
			mainGroup = 46079BD21C81248200382CF2;
			productRefGroup = 46079BDC1C81248200382CF2 /* Products */;
			projectDirPath = "";
			projectRoot = "";
			targets = (
				46079BDA1C81248200382CF2 /* questions */,
				46079BF11C81248200382CF2 /* questionsTests */,
				46079BFC1C81248200382CF2 /* questionsUITests */,
			);
		};
/* End PBXProject section */

/* Begin PBXResourcesBuildPhase section */
		46079BD91C81248200382CF2 /* Resources */ = {
			isa = PBXResourcesBuildPhase;
			buildActionMask = 2147483647;
			files = (
				46079BEC1C81248200382CF2 /* LaunchScreen.storyboard in Resources */,
				46079BE91C81248200382CF2 /* Assets.xcassets in Resources */,
				46079C1E1C85164800382CF2 /* tick.png in Resources */,
				46079BE41C81248200382CF2 /* Main.storyboard in Resources */,
			);
			runOnlyForDeploymentPostprocessing = 0;
		};
		46079BF01C81248200382CF2 /* Resources */ = {
			isa = PBXResourcesBuildPhase;
			buildActionMask = 2147483647;
			files = (
			);
			runOnlyForDeploymentPostprocessing = 0;
		};
		46079BFB1C81248200382CF2 /* Resources */ = {
			isa = PBXResourcesBuildPhase;
			buildActionMask = 2147483647;
			files = (
			);
			runOnlyForDeploymentPostprocessing = 0;
		};
/* End PBXResourcesBuildPhase section */

/* Begin PBXSourcesBuildPhase section */
		46079BD71C81248200382CF2 /* Sources */ = {
			isa = PBXSourcesBuildPhase;
			buildActionMask = 2147483647;
			files = (
				46079C141C8124DD00382CF2 /* DataController.swift in Sources */,
				46079C1A1C85066A00382CF2 /* AAALevelMO.swift in Sources */,
				46079BE71C81248200382CF2 /* questions.xcdatamodeld in Sources */,
				46079C191C85066A00382CF2 /* AAALevelMO+CoreDataProperties.swift in Sources */,
				46079C161C81252000382CF2 /* LevelViewController.swift in Sources */,
				46079BE11C81248200382CF2 /* ViewController.swift in Sources */,
				46079BDF1C81248200382CF2 /* AppDelegate.swift in Sources */,
			);
			runOnlyForDeploymentPostprocessing = 0;
		};
		46079BEE1C81248200382CF2 /* Sources */ = {
			isa = PBXSourcesBuildPhase;
			buildActionMask = 2147483647;
			files = (
				46079BF71C81248200382CF2 /* questionsTests.swift in Sources */,
			);
			runOnlyForDeploymentPostprocessing = 0;
		};
		46079BF91C81248200382CF2 /* Sources */ = {
			isa = PBXSourcesBuildPhase;
			buildActionMask = 2147483647;
			files = (
				46079C021C81248200382CF2 /* questionsUITests.swift in Sources */,
			);
			runOnlyForDeploymentPostprocessing = 0;
		};
/* End PBXSourcesBuildPhase section */

/* Begin PBXTargetDependency section */
		46079BF41C81248200382CF2 /* PBXTargetDependency */ = {
			isa = PBXTargetDependency;
			target = 46079BDA1C81248200382CF2 /* questions */;
			targetProxy = 46079BF31C81248200382CF2 /* PBXContainerItemProxy */;
		};
		46079BFF1C81248200382CF2 /* PBXTargetDependency */ = {
			isa = PBXTargetDependency;
			target = 46079BDA1C81248200382CF2 /* questions */;
			targetProxy = 46079BFE1C81248200382CF2 /* PBXContainerItemProxy */;
		};
/* End PBXTargetDependency section */

/* Begin PBXVariantGroup section */
		46079BE21C81248200382CF2 /* Main.storyboard */ = {
			isa = PBXVariantGroup;
			children = (
				46079BE31C81248200382CF2 /* Base */,
			);
			name = Main.storyboard;
			sourceTree = "<group>";
		};
		46079BEA1C81248200382CF2 /* LaunchScreen.storyboard */ = {
			isa = PBXVariantGroup;
			children = (
				46079BEB1C81248200382CF2 /* Base */,
			);
			name = LaunchScreen.storyboard;
			sourceTree = "<group>";
		};
/* End PBXVariantGroup section */

/* Begin XCBuildConfiguration section */
		46079C041C81248200382CF2 /* Debug */ = {
			isa = XCBuildConfiguration;
			buildSettings = {
				ALWAYS_SEARCH_USER_PATHS = NO;
				CLANG_CXX_LANGUAGE_STANDARD = "gnu++0x";
				CLANG_CXX_LIBRARY = "libc++";
				CLANG_ENABLE_MODULES = YES;
				CLANG_ENABLE_OBJC_ARC = YES;
				CLANG_WARN_BOOL_CONVERSION = YES;
				CLANG_WARN_CONSTANT_CONVERSION = YES;
				CLANG_WARN_DIRECT_OBJC_ISA_USAGE = YES_ERROR;
				CLANG_WARN_EMPTY_BODY = YES;
				CLANG_WARN_ENUM_CONVERSION = YES;
				CLANG_WARN_INT_CONVERSION = YES;
				CLANG_WARN_OBJC_ROOT_CLASS = YES_ERROR;
				CLANG_WARN_UNREACHABLE_CODE = YES;
				CLANG_WARN__DUPLICATE_METHOD_MATCH = YES;
				"CODE_SIGN_IDENTITY[sdk=iphoneos*]" = "iPhone Developer";
				COPY_PHASE_STRIP = NO;
				DEBUG_INFORMATION_FORMAT = dwarf;
				ENABLE_STRICT_OBJC_MSGSEND = YES;
				ENABLE_TESTABILITY = YES;
				GCC_C_LANGUAGE_STANDARD = gnu99;
				GCC_DYNAMIC_NO_PIC = NO;
				GCC_NO_COMMON_BLOCKS = YES;
				GCC_OPTIMIZATION_LEVEL = 0;
				GCC_PREPROCESSOR_DEFINITIONS = (
					"DEBUG=1",
					"$(inherited)",
				);
				GCC_WARN_64_TO_32_BIT_CONVERSION = YES;
				GCC_WARN_ABOUT_RETURN_TYPE = YES_ERROR;
				GCC_WARN_UNDECLARED_SELECTOR = YES;
				GCC_WARN_UNINITIALIZED_AUTOS = YES_AGGRESSIVE;
				GCC_WARN_UNUSED_FUNCTION = YES;
				GCC_WARN_UNUSED_VARIABLE = YES;
				IPHONEOS_DEPLOYMENT_TARGET = 9.2;
				MTL_ENABLE_DEBUG_INFO = YES;
				ONLY_ACTIVE_ARCH = YES;
				SDKROOT = iphoneos;
				SWIFT_OPTIMIZATION_LEVEL = "-Onone";
			};
			name = Debug;
		};
		46079C051C81248200382CF2 /* Release */ = {
			isa = XCBuildConfiguration;
			buildSettings = {
				ALWAYS_SEARCH_USER_PATHS = NO;
				CLANG_CXX_LANGUAGE_STANDARD = "gnu++0x";
				CLANG_CXX_LIBRARY = "libc++";
				CLANG_ENABLE_MODULES = YES;
				CLANG_ENABLE_OBJC_ARC = YES;
				CLANG_WARN_BOOL_CONVERSION = YES;
				CLANG_WARN_CONSTANT_CONVERSION = YES;
				CLANG_WARN_DIRECT_OBJC_ISA_USAGE = YES_ERROR;
				CLANG_WARN_EMPTY_BODY = YES;
				CLANG_WARN_ENUM_CONVERSION = YES;
				CLANG_WARN_INT_CONVERSION = YES;
				CLANG_WARN_OBJC_ROOT_CLASS = YES_ERROR;
				CLANG_WARN_UNREACHABLE_CODE = YES;
				CLANG_WARN__DUPLICATE_METHOD_MATCH = YES;
				"CODE_SIGN_IDENTITY[sdk=iphoneos*]" = "iPhone Developer";
				COPY_PHASE_STRIP = NO;
				DEBUG_INFORMATION_FORMAT = "dwarf-with-dsym";
				ENABLE_NS_ASSERTIONS = NO;
				ENABLE_STRICT_OBJC_MSGSEND = YES;
				GCC_C_LANGUAGE_STANDARD = gnu99;
				GCC_NO_COMMON_BLOCKS = YES;
				GCC_WARN_64_TO_32_BIT_CONVERSION = YES;
				GCC_WARN_ABOUT_RETURN_TYPE = YES_ERROR;
				GCC_WARN_UNDECLARED_SELECTOR = YES;
				GCC_WARN_UNINITIALIZED_AUTOS = YES_AGGRESSIVE;
				GCC_WARN_UNUSED_FUNCTION = YES;
				GCC_WARN_UNUSED_VARIABLE = YES;
				IPHONEOS_DEPLOYMENT_TARGET = 9.2;
				MTL_ENABLE_DEBUG_INFO = NO;
				SDKROOT = iphoneos;
				VALIDATE_PRODUCT = YES;
			};
			name = Release;
		};
		46079C071C81248200382CF2 /* Debug */ = {
			isa = XCBuildConfiguration;
			buildSettings = {
				ASSETCATALOG_COMPILER_APPICON_NAME = AppIcon;
				CODE_SIGN_IDENTITY = "iPhone Developer";
				"CODE_SIGN_IDENTITY[sdk=iphoneos*]" = "iPhone Developer";
				INFOPLIST_FILE = questions/Info.plist;
				LD_RUNPATH_SEARCH_PATHS = "$(inherited) @executable_path/Frameworks";
				PRODUCT_BUNDLE_IDENTIFIER = com.JoseMariaDelgado.questions;
				PRODUCT_NAME = "$(TARGET_NAME)";
				PROVISIONING_PROFILE = "";
			};
			name = Debug;
		};
		46079C081C81248200382CF2 /* Release */ = {
			isa = XCBuildConfiguration;
			buildSettings = {
				ASSETCATALOG_COMPILER_APPICON_NAME = AppIcon;
				CODE_SIGN_IDENTITY = "iPhone Developer";
				"CODE_SIGN_IDENTITY[sdk=iphoneos*]" = "iPhone Developer";
				INFOPLIST_FILE = questions/Info.plist;
				LD_RUNPATH_SEARCH_PATHS = "$(inherited) @executable_path/Frameworks";
				PRODUCT_BUNDLE_IDENTIFIER = com.JoseMariaDelgado.questions;
				PRODUCT_NAME = "$(TARGET_NAME)";
				PROVISIONING_PROFILE = "";
			};
			name = Release;
		};
		46079C0A1C81248200382CF2 /* Debug */ = {
			isa = XCBuildConfiguration;
			buildSettings = {
				BUNDLE_LOADER = "$(TEST_HOST)";
				INFOPLIST_FILE = questionsTests/Info.plist;
				LD_RUNPATH_SEARCH_PATHS = "$(inherited) @executable_path/Frameworks @loader_path/Frameworks";
				PRODUCT_BUNDLE_IDENTIFIER = com.JoseMariaDelgado.questionsTests;
				PRODUCT_NAME = "$(TARGET_NAME)";
				TEST_HOST = "$(BUILT_PRODUCTS_DIR)/questions.app/questions";
			};
			name = Debug;
		};
		46079C0B1C81248200382CF2 /* Release */ = {
			isa = XCBuildConfiguration;
			buildSettings = {
				BUNDLE_LOADER = "$(TEST_HOST)";
				INFOPLIST_FILE = questionsTests/Info.plist;
				LD_RUNPATH_SEARCH_PATHS = "$(inherited) @executable_path/Frameworks @loader_path/Frameworks";
				PRODUCT_BUNDLE_IDENTIFIER = com.JoseMariaDelgado.questionsTests;
				PRODUCT_NAME = "$(TARGET_NAME)";
				TEST_HOST = "$(BUILT_PRODUCTS_DIR)/questions.app/questions";
			};
			name = Release;
		};
		46079C0D1C81248200382CF2 /* Debug */ = {
			isa = XCBuildConfiguration;
			buildSettings = {
				INFOPLIST_FILE = questionsUITests/Info.plist;
				LD_RUNPATH_SEARCH_PATHS = "$(inherited) @executable_path/Frameworks @loader_path/Frameworks";
				PRODUCT_BUNDLE_IDENTIFIER = com.JoseMariaDelgado.questionsUITests;
				PRODUCT_NAME = "$(TARGET_NAME)";
				TEST_TARGET_NAME = questions;
				USES_XCTRUNNER = YES;
			};
			name = Debug;
		};
		46079C0E1C81248200382CF2 /* Release */ = {
			isa = XCBuildConfiguration;
			buildSettings = {
				INFOPLIST_FILE = questionsUITests/Info.plist;
				LD_RUNPATH_SEARCH_PATHS = "$(inherited) @executable_path/Frameworks @loader_path/Frameworks";
				PRODUCT_BUNDLE_IDENTIFIER = com.JoseMariaDelgado.questionsUITests;
				PRODUCT_NAME = "$(TARGET_NAME)";
				TEST_TARGET_NAME = questions;
				USES_XCTRUNNER = YES;
			};
			name = Release;
		};
/* End XCBuildConfiguration section */

/* Begin XCConfigurationList section */
		46079BD61C81248200382CF2 /* Build configuration list for PBXProject "questions" */ = {
			isa = XCConfigurationList;
			buildConfigurations = (
				46079C041C81248200382CF2 /* Debug */,
				46079C051C81248200382CF2 /* Release */,
			);
			defaultConfigurationIsVisible = 0;
			defaultConfigurationName = Release;
		};
		46079C061C81248200382CF2 /* Build configuration list for PBXNativeTarget "questions" */ = {
			isa = XCConfigurationList;
			buildConfigurations = (
				46079C071C81248200382CF2 /* Debug */,
				46079C081C81248200382CF2 /* Release */,
			);
			defaultConfigurationIsVisible = 0;
			defaultConfigurationName = Release;
		};
		46079C091C81248200382CF2 /* Build configuration list for PBXNativeTarget "questionsTests" */ = {
			isa = XCConfigurationList;
			buildConfigurations = (
				46079C0A1C81248200382CF2 /* Debug */,
				46079C0B1C81248200382CF2 /* Release */,
			);
			defaultConfigurationIsVisible = 0;
			defaultConfigurationName = Release;
		};
		46079C0C1C81248200382CF2 /* Build configuration list for PBXNativeTarget "questionsUITests" */ = {
			isa = XCConfigurationList;
			buildConfigurations = (
				46079C0D1C81248200382CF2 /* Debug */,
				46079C0E1C81248200382CF2 /* Release */,
			);
			defaultConfigurationIsVisible = 0;
			defaultConfigurationName = Release;
		};
/* End XCConfigurationList section */

/* Begin XCVersionGroup section */
		46079BE51C81248200382CF2 /* questions.xcdatamodeld */ = {
			isa = XCVersionGroup;
			children = (
				46079BE61C81248200382CF2 /* questions.xcdatamodel */,
			);
			currentVersion = 46079BE61C81248200382CF2 /* questions.xcdatamodel */;
			path = questions.xcdatamodeld;
			sourceTree = "<group>";
			versionGroupType = wrapper.xcdatamodel;
		};
/* End XCVersionGroup section */
	};
	rootObject = 46079BD31C81248200382CF2 /* Project object */;
}
